// !$*UTF8*$!
{
	archiveVersion = 1;
	classes = {
	};
	objectVersion = 48;
	objects = {

/* Begin PBXBuildFile section */
		2FC5631E2011E46100C004FC /* AppDelegate.swift in Sources */ = {isa = PBXBuildFile; fileRef = 2FC5631D2011E46100C004FC /* AppDelegate.swift */; };
		2FC563202011E46100C004FC /* ViewController.swift in Sources */ = {isa = PBXBuildFile; fileRef = 2FC5631F2011E46100C004FC /* ViewController.swift */; };
		2FC563232011E46100C004FC /* Main.storyboard in Resources */ = {isa = PBXBuildFile; fileRef = 2FC563212011E46100C004FC /* Main.storyboard */; };
		2FC563252011E46100C004FC /* Assets.xcassets in Resources */ = {isa = PBXBuildFile; fileRef = 2FC563242011E46100C004FC /* Assets.xcassets */; };
		2FC563282011E46100C004FC /* LaunchScreen.storyboard in Resources */ = {isa = PBXBuildFile; fileRef = 2FC563262011E46100C004FC /* LaunchScreen.storyboard */; };
		2FC563332011E46200C004FC /* TestRxSwiftTests.swift in Sources */ = {isa = PBXBuildFile; fileRef = 2FC563322011E46200C004FC /* TestRxSwiftTests.swift */; };
		2FC5633E2011E46200C004FC /* TestRxSwiftUITests.swift in Sources */ = {isa = PBXBuildFile; fileRef = 2FC5633D2011E46200C004FC /* TestRxSwiftUITests.swift */; };
		390CA8334AD8394E6099E625 /* Pods_TestRxSwift_TestRxSwiftTests.framework in Frameworks */ = {isa = PBXBuildFile; fileRef = 3885BDB47B811870EA9AA033 /* Pods_TestRxSwift_TestRxSwiftTests.framework */; };
		CBC26DF3FAC97F2EC31C8FD4 /* Pods_TestRxSwift.framework in Frameworks */ = {isa = PBXBuildFile; fileRef = 0015B1C2DB42C664CE27E667 /* Pods_TestRxSwift.framework */; };
/* End PBXBuildFile section */

/* Begin PBXContainerItemProxy section */
		2FC5632F2011E46100C004FC /* PBXContainerItemProxy */ = {
			isa = PBXContainerItemProxy;
			containerPortal = 2FC563122011E46100C004FC /* Project object */;
			proxyType = 1;
			remoteGlobalIDString = 2FC563192011E46100C004FC;
			remoteInfo = TestRxSwift;
		};
		2FC5633A2011E46200C004FC /* PBXContainerItemProxy */ = {
			isa = PBXContainerItemProxy;
			containerPortal = 2FC563122011E46100C004FC /* Project object */;
			proxyType = 1;
			remoteGlobalIDString = 2FC563192011E46100C004FC;
			remoteInfo = TestRxSwift;
		};
/* End PBXContainerItemProxy section */

/* Begin PBXFileReference section */
		0015B1C2DB42C664CE27E667 /* Pods_TestRxSwift.framework */ = {isa = PBXFileReference; explicitFileType = wrapper.framework; includeInIndex = 0; path = Pods_TestRxSwift.framework; sourceTree = BUILT_PRODUCTS_DIR; };
		041884928276061F440069BD /* Pods-TestRxSwift.release.xcconfig */ = {isa = PBXFileReference; includeInIndex = 1; lastKnownFileType = text.xcconfig; name = "Pods-TestRxSwift.release.xcconfig"; path = "Pods/Target Support Files/Pods-TestRxSwift/Pods-TestRxSwift.release.xcconfig"; sourceTree = "<group>"; };
		2FC5631A2011E46100C004FC /* TestRxSwift.app */ = {isa = PBXFileReference; explicitFileType = wrapper.application; includeInIndex = 0; path = TestRxSwift.app; sourceTree = BUILT_PRODUCTS_DIR; };
		2FC5631D2011E46100C004FC /* AppDelegate.swift */ = {isa = PBXFileReference; lastKnownFileType = sourcecode.swift; path = AppDelegate.swift; sourceTree = "<group>"; };
		2FC5631F2011E46100C004FC /* ViewController.swift */ = {isa = PBXFileReference; lastKnownFileType = sourcecode.swift; path = ViewController.swift; sourceTree = "<group>"; };
		2FC563222011E46100C004FC /* Base */ = {isa = PBXFileReference; lastKnownFileType = file.storyboard; name = Base; path = Base.lproj/Main.storyboard; sourceTree = "<group>"; };
		2FC563242011E46100C004FC /* Assets.xcassets */ = {isa = PBXFileReference; lastKnownFileType = folder.assetcatalog; path = Assets.xcassets; sourceTree = "<group>"; };
		2FC563272011E46100C004FC /* Base */ = {isa = PBXFileReference; lastKnownFileType = file.storyboard; name = Base; path = Base.lproj/LaunchScreen.storyboard; sourceTree = "<group>"; };
		2FC563292011E46100C004FC /* Info.plist */ = {isa = PBXFileReference; lastKnownFileType = text.plist.xml; path = Info.plist; sourceTree = "<group>"; };
		2FC5632E2011E46100C004FC /* TestRxSwiftTests.xctest */ = {isa = PBXFileReference; explicitFileType = wrapper.cfbundle; includeInIndex = 0; path = TestRxSwiftTests.xctest; sourceTree = BUILT_PRODUCTS_DIR; };
		2FC563322011E46200C004FC /* TestRxSwiftTests.swift */ = {isa = PBXFileReference; lastKnownFileType = sourcecode.swift; path = TestRxSwiftTests.swift; sourceTree = "<group>"; };
		2FC563342011E46200C004FC /* Info.plist */ = {isa = PBXFileReference; lastKnownFileType = text.plist.xml; path = Info.plist; sourceTree = "<group>"; };
		2FC563392011E46200C004FC /* TestRxSwiftUITests.xctest */ = {isa = PBXFileReference; explicitFileType = wrapper.cfbundle; includeInIndex = 0; path = TestRxSwiftUITests.xctest; sourceTree = BUILT_PRODUCTS_DIR; };
		2FC5633D2011E46200C004FC /* TestRxSwiftUITests.swift */ = {isa = PBXFileReference; lastKnownFileType = sourcecode.swift; path = TestRxSwiftUITests.swift; sourceTree = "<group>"; };
		2FC5633F2011E46200C004FC /* Info.plist */ = {isa = PBXFileReference; lastKnownFileType = text.plist.xml; path = Info.plist; sourceTree = "<group>"; };
		3885BDB47B811870EA9AA033 /* Pods_TestRxSwift_TestRxSwiftTests.framework */ = {isa = PBXFileReference; explicitFileType = wrapper.framework; includeInIndex = 0; path = Pods_TestRxSwift_TestRxSwiftTests.framework; sourceTree = BUILT_PRODUCTS_DIR; };
		6463C169EBDFB1F4B0A30E84 /* Pods-TestRxSwift.debug.xcconfig */ = {isa = PBXFileReference; includeInIndex = 1; lastKnownFileType = text.xcconfig; name = "Pods-TestRxSwift.debug.xcconfig"; path = "Pods/Target Support Files/Pods-TestRxSwift/Pods-TestRxSwift.debug.xcconfig"; sourceTree = "<group>"; };
		99AC641514595592D76C885C /* Pods-TestRxSwift-TestRxSwiftTests.release.xcconfig */ = {isa = PBXFileReference; includeInIndex = 1; lastKnownFileType = text.xcconfig; name = "Pods-TestRxSwift-TestRxSwiftTests.release.xcconfig"; path = "Pods/Target Support Files/Pods-TestRxSwift-TestRxSwiftTests/Pods-TestRxSwift-TestRxSwiftTests.release.xcconfig"; sourceTree = "<group>"; };
		ED3F0BE7E1B09B789DF890E8 /* Pods-TestRxSwift-TestRxSwiftTests.debug.xcconfig */ = {isa = PBXFileReference; includeInIndex = 1; lastKnownFileType = text.xcconfig; name = "Pods-TestRxSwift-TestRxSwiftTests.debug.xcconfig"; path = "Pods/Target Support Files/Pods-TestRxSwift-TestRxSwiftTests/Pods-TestRxSwift-TestRxSwiftTests.debug.xcconfig"; sourceTree = "<group>"; };
/* End PBXFileReference section */

/* Begin PBXFrameworksBuildPhase section */
		2FC563172011E46100C004FC /* Frameworks */ = {
			isa = PBXFrameworksBuildPhase;
			buildActionMask = 2147483647;
			files = (
				CBC26DF3FAC97F2EC31C8FD4 /* Pods_TestRxSwift.framework in Frameworks */,
			);
			runOnlyForDeploymentPostprocessing = 0;
		};
		2FC5632B2011E46100C004FC /* Frameworks */ = {
			isa = PBXFrameworksBuildPhase;
			buildActionMask = 2147483647;
			files = (
				390CA8334AD8394E6099E625 /* Pods_TestRxSwift_TestRxSwiftTests.framework in Frameworks */,
			);
			runOnlyForDeploymentPostprocessing = 0;
		};
		2FC563362011E46200C004FC /* Frameworks */ = {
			isa = PBXFrameworksBuildPhase;
			buildActionMask = 2147483647;
			files = (
			);
			runOnlyForDeploymentPostprocessing = 0;
		};
/* End PBXFrameworksBuildPhase section */

/* Begin PBXGroup section */
		2FC563112011E46100C004FC = {
			isa = PBXGroup;
			children = (
				2FC5631C2011E46100C004FC /* TestRxSwift */,
				2FC563312011E46200C004FC /* TestRxSwiftTests */,
				2FC5633C2011E46200C004FC /* TestRxSwiftUITests */,
				2FC5631B2011E46100C004FC /* Products */,
				49651AB59D27E8510E17CDA5 /* Pods */,
				648AF3A76C8EB1A544830785 /* Frameworks */,
			);
			sourceTree = "<group>";
		};
		2FC5631B2011E46100C004FC /* Products */ = {
			isa = PBXGroup;
			children = (
				2FC5631A2011E46100C004FC /* TestRxSwift.app */,
				2FC5632E2011E46100C004FC /* TestRxSwiftTests.xctest */,
				2FC563392011E46200C004FC /* TestRxSwiftUITests.xctest */,
			);
			name = Products;
			sourceTree = "<group>";
		};
		2FC5631C2011E46100C004FC /* TestRxSwift */ = {
			isa = PBXGroup;
			children = (
				2FC5631D2011E46100C004FC /* AppDelegate.swift */,
				2FC5631F2011E46100C004FC /* ViewController.swift */,
				2FC563212011E46100C004FC /* Main.storyboard */,
				2FC563242011E46100C004FC /* Assets.xcassets */,
				2FC563262011E46100C004FC /* LaunchScreen.storyboard */,
				2FC563292011E46100C004FC /* Info.plist */,
			);
			path = TestRxSwift;
			sourceTree = "<group>";
		};
		2FC563312011E46200C004FC /* TestRxSwiftTests */ = {
			isa = PBXGroup;
			children = (
				2FC563322011E46200C004FC /* TestRxSwiftTests.swift */,
				2FC563342011E46200C004FC /* Info.plist */,
			);
			path = TestRxSwiftTests;
			sourceTree = "<group>";
		};
		2FC5633C2011E46200C004FC /* TestRxSwiftUITests */ = {
			isa = PBXGroup;
			children = (
				2FC5633D2011E46200C004FC /* TestRxSwiftUITests.swift */,
				2FC5633F2011E46200C004FC /* Info.plist */,
			);
			path = TestRxSwiftUITests;
			sourceTree = "<group>";
		};
		49651AB59D27E8510E17CDA5 /* Pods */ = {
			isa = PBXGroup;
			children = (
				6463C169EBDFB1F4B0A30E84 /* Pods-TestRxSwift.debug.xcconfig */,
				041884928276061F440069BD /* Pods-TestRxSwift.release.xcconfig */,
				ED3F0BE7E1B09B789DF890E8 /* Pods-TestRxSwift-TestRxSwiftTests.debug.xcconfig */,
				99AC641514595592D76C885C /* Pods-TestRxSwift-TestRxSwiftTests.release.xcconfig */,
			);
			name = Pods;
			sourceTree = "<group>";
		};
		648AF3A76C8EB1A544830785 /* Frameworks */ = {
			isa = PBXGroup;
			children = (
				0015B1C2DB42C664CE27E667 /* Pods_TestRxSwift.framework */,
				3885BDB47B811870EA9AA033 /* Pods_TestRxSwift_TestRxSwiftTests.framework */,
			);
			name = Frameworks;
			sourceTree = "<group>";
		};
/* End PBXGroup section */

/* Begin PBXNativeTarget section */
		2FC563192011E46100C004FC /* TestRxSwift */ = {
			isa = PBXNativeTarget;
			buildConfigurationList = 2FC563422011E46200C004FC /* Build configuration list for PBXNativeTarget "TestRxSwift" */;
			buildPhases = (
				7A5EA3B50E4E8BF815E90A23 /* [CP] Check Pods Manifest.lock */,
				2FC563162011E46100C004FC /* Sources */,
				2FC563172011E46100C004FC /* Frameworks */,
				2FC563182011E46100C004FC /* Resources */,
				165E03B53FC51EFE3B4EC6EB /* [CP] Embed Pods Frameworks */,
				C7552FD853ACA27DED605530 /* [CP] Copy Pods Resources */,
			);
			buildRules = (
			);
			dependencies = (
			);
			name = TestRxSwift;
			productName = TestRxSwift;
			productReference = 2FC5631A2011E46100C004FC /* TestRxSwift.app */;
			productType = "com.apple.product-type.application";
		};
		2FC5632D2011E46100C004FC /* TestRxSwiftTests */ = {
			isa = PBXNativeTarget;
			buildConfigurationList = 2FC563452011E46200C004FC /* Build configuration list for PBXNativeTarget "TestRxSwiftTests" */;
			buildPhases = (
				1FC5AC3ECCD829D1B22A3D3A /* [CP] Check Pods Manifest.lock */,
				2FC5632A2011E46100C004FC /* Sources */,
				2FC5632B2011E46100C004FC /* Frameworks */,
				2FC5632C2011E46100C004FC /* Resources */,
				9F59E7CE2F4B385D24D61516 /* [CP] Embed Pods Frameworks */,
				2EFBFCE006A5203ABDEA7EAB /* [CP] Copy Pods Resources */,
			);
			buildRules = (
			);
			dependencies = (
				2FC563302011E46100C004FC /* PBXTargetDependency */,
			);
			name = TestRxSwiftTests;
			productName = TestRxSwiftTests;
			productReference = 2FC5632E2011E46100C004FC /* TestRxSwiftTests.xctest */;
			productType = "com.apple.product-type.bundle.unit-test";
		};
		2FC563382011E46200C004FC /* TestRxSwiftUITests */ = {
			isa = PBXNativeTarget;
			buildConfigurationList = 2FC563482011E46200C004FC /* Build configuration list for PBXNativeTarget "TestRxSwiftUITests" */;
			buildPhases = (
				2FC563352011E46200C004FC /* Sources */,
				2FC563362011E46200C004FC /* Frameworks */,
				2FC563372011E46200C004FC /* Resources */,
			);
			buildRules = (
			);
			dependencies = (
				2FC5633B2011E46200C004FC /* PBXTargetDependency */,
			);
			name = TestRxSwiftUITests;
			productName = TestRxSwiftUITests;
			productReference = 2FC563392011E46200C004FC /* TestRxSwiftUITests.xctest */;
			productType = "com.apple.product-type.bundle.ui-testing";
		};
/* End PBXNativeTarget section */

/* Begin PBXProject section */
		2FC563122011E46100C004FC /* Project object */ = {
			isa = PBXProject;
			attributes = {
				LastSwiftUpdateCheck = 0920;
				LastUpgradeCheck = 0920;
				ORGANIZATIONNAME = Poorva;
				TargetAttributes = {
					2FC563192011E46100C004FC = {
						CreatedOnToolsVersion = 9.2;
						ProvisioningStyle = Automatic;
					};
					2FC5632D2011E46100C004FC = {
						CreatedOnToolsVersion = 9.2;
						ProvisioningStyle = Automatic;
						TestTargetID = 2FC563192011E46100C004FC;
					};
					2FC563382011E46200C004FC = {
						CreatedOnToolsVersion = 9.2;
						ProvisioningStyle = Automatic;
						TestTargetID = 2FC563192011E46100C004FC;
					};
				};
			};
			buildConfigurationList = 2FC563152011E46100C004FC /* Build configuration list for PBXProject "TestRxSwift" */;
			compatibilityVersion = "Xcode 8.0";
			developmentRegion = en;
			hasScannedForEncodings = 0;
			knownRegions = (
				en,
				Base,
			);
			mainGroup = 2FC563112011E46100C004FC;
			productRefGroup = 2FC5631B2011E46100C004FC /* Products */;
			projectDirPath = "";
			projectRoot = "";
			targets = (
				2FC563192011E46100C004FC /* TestRxSwift */,
				2FC5632D2011E46100C004FC /* TestRxSwiftTests */,
				2FC563382011E46200C004FC /* TestRxSwiftUITests */,
			);
		};
/* End PBXProject section */

/* Begin PBXResourcesBuildPhase section */
		2FC563182011E46100C004FC /* Resources */ = {
			isa = PBXResourcesBuildPhase;
			buildActionMask = 2147483647;
			files = (
				2FC563282011E46100C004FC /* LaunchScreen.storyboard in Resources */,
				2FC563252011E46100C004FC /* Assets.xcassets in Resources */,
				2FC563232011E46100C004FC /* Main.storyboard in Resources */,
			);
			runOnlyForDeploymentPostprocessing = 0;
		};
		2FC5632C2011E46100C004FC /* Resources */ = {
			isa = PBXResourcesBuildPhase;
			buildActionMask = 2147483647;
			files = (
			);
			runOnlyForDeploymentPostprocessing = 0;
		};
		2FC563372011E46200C004FC /* Resources */ = {
			isa = PBXResourcesBuildPhase;
			buildActionMask = 2147483647;
			files = (
			);
			runOnlyForDeploymentPostprocessing = 0;
		};
/* End PBXResourcesBuildPhase section */

/* Begin PBXShellScriptBuildPhase section */
		165E03B53FC51EFE3B4EC6EB /* [CP] Embed Pods Frameworks */ = {
			isa = PBXShellScriptBuildPhase;
			buildActionMask = 2147483647;
			files = (
			);
			inputPaths = (
				"${SRCROOT}/Pods/Target Support Files/Pods-TestRxSwift/Pods-TestRxSwift-frameworks.sh",
				"${BUILT_PRODUCTS_DIR}/R.swift.Library/Rswift.framework",
				"${BUILT_PRODUCTS_DIR}/RxCocoa/RxCocoa.framework",
				"${BUILT_PRODUCTS_DIR}/RxSwift/RxSwift.framework",
				"${BUILT_PRODUCTS_DIR}/RxSwiftExt/RxSwiftExt.framework",
			);
			name = "[CP] Embed Pods Frameworks";
			outputPaths = (
				"${TARGET_BUILD_DIR}/${FRAMEWORKS_FOLDER_PATH}/Rswift.framework",
				"${TARGET_BUILD_DIR}/${FRAMEWORKS_FOLDER_PATH}/RxCocoa.framework",
				"${TARGET_BUILD_DIR}/${FRAMEWORKS_FOLDER_PATH}/RxSwift.framework",
				"${TARGET_BUILD_DIR}/${FRAMEWORKS_FOLDER_PATH}/RxSwiftExt.framework",
			);
			runOnlyForDeploymentPostprocessing = 0;
			shellPath = /bin/sh;
			shellScript = "\"${SRCROOT}/Pods/Target Support Files/Pods-TestRxSwift/Pods-TestRxSwift-frameworks.sh\"\n";
			showEnvVarsInLog = 0;
		};
		1FC5AC3ECCD829D1B22A3D3A /* [CP] Check Pods Manifest.lock */ = {
			isa = PBXShellScriptBuildPhase;
			buildActionMask = 2147483647;
			files = (
			);
			inputPaths = (
				"${PODS_PODFILE_DIR_PATH}/Podfile.lock",
				"${PODS_ROOT}/Manifest.lock",
			);
			name = "[CP] Check Pods Manifest.lock";
			outputPaths = (
				"$(DERIVED_FILE_DIR)/Pods-TestRxSwift-TestRxSwiftTests-checkManifestLockResult.txt",
			);
			runOnlyForDeploymentPostprocessing = 0;
			shellPath = /bin/sh;
			shellScript = "diff \"${PODS_PODFILE_DIR_PATH}/Podfile.lock\" \"${PODS_ROOT}/Manifest.lock\" > /dev/null\nif [ $? != 0 ] ; then\n    # print error to STDERR\n    echo \"error: The sandbox is not in sync with the Podfile.lock. Run 'pod install' or update your CocoaPods installation.\" >&2\n    exit 1\nfi\n# This output is used by Xcode 'outputs' to avoid re-running this script phase.\necho \"SUCCESS\" > \"${SCRIPT_OUTPUT_FILE_0}\"\n";
			showEnvVarsInLog = 0;
		};
		2EFBFCE006A5203ABDEA7EAB /* [CP] Copy Pods Resources */ = {
			isa = PBXShellScriptBuildPhase;
			buildActionMask = 2147483647;
			files = (
			);
			inputPaths = (
			);
			name = "[CP] Copy Pods Resources";
			outputPaths = (
			);
			runOnlyForDeploymentPostprocessing = 0;
			shellPath = /bin/sh;
			shellScript = "\"${SRCROOT}/Pods/Target Support Files/Pods-TestRxSwift-TestRxSwiftTests/Pods-TestRxSwift-TestRxSwiftTests-resources.sh\"\n";
			showEnvVarsInLog = 0;
		};
		7A5EA3B50E4E8BF815E90A23 /* [CP] Check Pods Manifest.lock */ = {
			isa = PBXShellScriptBuildPhase;
			buildActionMask = 2147483647;
			files = (
			);
			inputPaths = (
				"${PODS_PODFILE_DIR_PATH}/Podfile.lock",
				"${PODS_ROOT}/Manifest.lock",
			);
			name = "[CP] Check Pods Manifest.lock";
			outputPaths = (
				"$(DERIVED_FILE_DIR)/Pods-TestRxSwift-checkManifestLockResult.txt",
			);
			runOnlyForDeploymentPostprocessing = 0;
			shellPath = /bin/sh;
			shellScript = "diff \"${PODS_PODFILE_DIR_PATH}/Podfile.lock\" \"${PODS_ROOT}/Manifest.lock\" > /dev/null\nif [ $? != 0 ] ; then\n    # print error to STDERR\n    echo \"error: The sandbox is not in sync with the Podfile.lock. Run 'pod install' or update your CocoaPods installation.\" >&2\n    exit 1\nfi\n# This output is used by Xcode 'outputs' to avoid re-running this script phase.\necho \"SUCCESS\" > \"${SCRIPT_OUTPUT_FILE_0}\"\n";
			showEnvVarsInLog = 0;
		};
		9F59E7CE2F4B385D24D61516 /* [CP] Embed Pods Frameworks */ = {
			isa = PBXShellScriptBuildPhase;
			buildActionMask = 2147483647;
			files = (
			);
			inputPaths = (
				"${SRCROOT}/Pods/Target Support Files/Pods-TestRxSwift-TestRxSwiftTests/Pods-TestRxSwift-TestRxSwiftTests-frameworks.sh",
				"${BUILT_PRODUCTS_DIR}/R.swift.Library/Rswift.framework",
				"${BUILT_PRODUCTS_DIR}/RxCocoa/RxCocoa.framework",
				"${BUILT_PRODUCTS_DIR}/RxSwift/RxSwift.framework",
				"${BUILT_PRODUCTS_DIR}/RxSwiftExt/RxSwiftExt.framework",
			);
			name = "[CP] Embed Pods Frameworks";
			outputPaths = (
				"${TARGET_BUILD_DIR}/${FRAMEWORKS_FOLDER_PATH}/Rswift.framework",
				"${TARGET_BUILD_DIR}/${FRAMEWORKS_FOLDER_PATH}/RxCocoa.framework",
				"${TARGET_BUILD_DIR}/${FRAMEWORKS_FOLDER_PATH}/RxSwift.framework",
				"${TARGET_BUILD_DIR}/${FRAMEWORKS_FOLDER_PATH}/RxSwiftExt.framework",
			);
			runOnlyForDeploymentPostprocessing = 0;
			shellPath = /bin/sh;
			shellScript = "\"${SRCROOT}/Pods/Target Support Files/Pods-TestRxSwift-TestRxSwiftTests/Pods-TestRxSwift-TestRxSwiftTests-frameworks.sh\"\n";
			showEnvVarsInLog = 0;
		};
		C7552FD853ACA27DED605530 /* [CP] Copy Pods Resources */ = {
			isa = PBXShellScriptBuildPhase;
			buildActionMask = 2147483647;
			files = (
			);
			inputPaths = (
			);
			name = "[CP] Copy Pods Resources";
			outputPaths = (
			);
			runOnlyForDeploymentPostprocessing = 0;
			shellPath = /bin/sh;
			shellScript = "\"${SRCROOT}/Pods/Target Support Files/Pods-TestRxSwift/Pods-TestRxSwift-resources.sh\"\n";
			showEnvVarsInLog = 0;
		};
/* End PBXShellScriptBuildPhase section */

/* Begin PBXSourcesBuildPhase section */
		2FC563162011E46100C004FC /* Sources */ = {
			isa = PBXSourcesBuildPhase;
			buildActionMask = 2147483647;
			files = (
				2FC563202011E46100C004FC /* ViewController.swift in Sources */,
				2FC5631E2011E46100C004FC /* AppDelegate.swift in Sources */,
			);
			runOnlyForDeploymentPostprocessing = 0;
		};
		2FC5632A2011E46100C004FC /* Sources */ = {
			isa = PBXSourcesBuildPhase;
			buildActionMask = 2147483647;
			files = (
				2FC563332011E46200C004FC /* TestRxSwiftTests.swift in Sources */,
			);
			runOnlyForDeploymentPostprocessing = 0;
		};
		2FC563352011E46200C004FC /* Sources */ = {
			isa = PBXSourcesBuildPhase;
			buildActionMask = 2147483647;
			files = (
				2FC5633E2011E46200C004FC /* TestRxSwiftUITests.swift in Sources */,
			);
			runOnlyForDeploymentPostprocessing = 0;
		};
/* End PBXSourcesBuildPhase section */

/* Begin PBXTargetDependency section */
		2FC563302011E46100C004FC /* PBXTargetDependency */ = {
			isa = PBXTargetDependency;
			target = 2FC563192011E46100C004FC /* TestRxSwift */;
			targetProxy = 2FC5632F2011E46100C004FC /* PBXContainerItemProxy */;
		};
		2FC5633B2011E46200C004FC /* PBXTargetDependency */ = {
			isa = PBXTargetDependency;
			target = 2FC563192011E46100C004FC /* TestRxSwift */;
			targetProxy = 2FC5633A2011E46200C004FC /* PBXContainerItemProxy */;
		};
/* End PBXTargetDependency section */

/* Begin PBXVariantGroup section */
		2FC563212011E46100C004FC /* Main.storyboard */ = {
			isa = PBXVariantGroup;
			children = (
				2FC563222011E46100C004FC /* Base */,
			);
			name = Main.storyboard;
			sourceTree = "<group>";
		};
		2FC563262011E46100C004FC /* LaunchScreen.storyboard */ = {
			isa = PBXVariantGroup;
			children = (
				2FC563272011E46100C004FC /* Base */,
			);
			name = LaunchScreen.storyboard;
			sourceTree = "<group>";
		};
/* End PBXVariantGroup section */

/* Begin XCBuildConfiguration section */
		2FC563402011E46200C004FC /* Debug */ = {
			isa = XCBuildConfiguration;
			buildSettings = {
				ALWAYS_EMBED_SWIFT_STANDARD_LIBRARIES = "$(inherited)";
				ALWAYS_SEARCH_USER_PATHS = NO;
				CLANG_ANALYZER_NONNULL = YES;
				CLANG_ANALYZER_NUMBER_OBJECT_CONVERSION = YES_AGGRESSIVE;
				CLANG_CXX_LANGUAGE_STANDARD = "gnu++14";
				CLANG_CXX_LIBRARY = "libc++";
				CLANG_ENABLE_MODULES = YES;
				CLANG_ENABLE_OBJC_ARC = YES;
				CLANG_WARN_BLOCK_CAPTURE_AUTORELEASING = YES;
				CLANG_WARN_BOOL_CONVERSION = YES;
				CLANG_WARN_COMMA = YES;
				CLANG_WARN_CONSTANT_CONVERSION = YES;
				CLANG_WARN_DIRECT_OBJC_ISA_USAGE = YES_ERROR;
				CLANG_WARN_DOCUMENTATION_COMMENTS = YES;
				CLANG_WARN_EMPTY_BODY = YES;
				CLANG_WARN_ENUM_CONVERSION = YES;
				CLANG_WARN_INFINITE_RECURSION = YES;
				CLANG_WARN_INT_CONVERSION = YES;
				CLANG_WARN_NON_LITERAL_NULL_CONVERSION = YES;
				CLANG_WARN_OBJC_LITERAL_CONVERSION = YES;
				CLANG_WARN_OBJC_ROOT_CLASS = YES_ERROR;
				CLANG_WARN_RANGE_LOOP_ANALYSIS = YES;
				CLANG_WARN_STRICT_PROTOTYPES = YES;
				CLANG_WARN_SUSPICIOUS_MOVE = YES;
				CLANG_WARN_UNGUARDED_AVAILABILITY = YES_AGGRESSIVE;
				CLANG_WARN_UNREACHABLE_CODE = YES;
				CLANG_WARN__DUPLICATE_METHOD_MATCH = YES;
				CODE_SIGN_IDENTITY = "iPhone Developer";
				COPY_PHASE_STRIP = NO;
				DEBUG_INFORMATION_FORMAT = dwarf;
				ENABLE_STRICT_OBJC_MSGSEND = YES;
				ENABLE_TESTABILITY = YES;
				GCC_C_LANGUAGE_STANDARD = gnu11;
				GCC_DYNAMIC_NO_PIC = NO;
				GCC_NO_COMMON_BLOCKS = YES;
				GCC_OPTIMIZATION_LEVEL = 0;
				GCC_PREPROCESSOR_DEFINITIONS = (
					"DEBUG=1",
					"$(inherited)",
				);
				GCC_WARN_64_TO_32_BIT_CONVERSION = YES;
				GCC_WARN_ABOUT_RETURN_TYPE = YES_ERROR;
				GCC_WARN_UNDECLARED_SELECTOR = YES;
				GCC_WARN_UNINITIALIZED_AUTOS = YES_AGGRESSIVE;
				GCC_WARN_UNUSED_FUNCTION = YES;
				GCC_WARN_UNUSED_VARIABLE = YES;
				IPHONEOS_DEPLOYMENT_TARGET = 11.2;
				MTL_ENABLE_DEBUG_INFO = YES;
				ONLY_ACTIVE_ARCH = YES;
				SDKROOT = iphoneos;
				SWIFT_ACTIVE_COMPILATION_CONDITIONS = DEBUG;
				SWIFT_OPTIMIZATION_LEVEL = "-Onone";
				SWIFT_VERSION = 3.0;
			};
			name = Debug;
		};
		2FC563412011E46200C004FC /* Release */ = {
			isa = XCBuildConfiguration;
			buildSettings = {
				ALWAYS_EMBED_SWIFT_STANDARD_LIBRARIES = "$(inherited)";
				ALWAYS_SEARCH_USER_PATHS = NO;
				CLANG_ANALYZER_NONNULL = YES;
				CLANG_ANALYZER_NUMBER_OBJECT_CONVERSION = YES_AGGRESSIVE;
				CLANG_CXX_LANGUAGE_STANDARD = "gnu++14";
				CLANG_CXX_LIBRARY = "libc++";
				CLANG_ENABLE_MODULES = YES;
				CLANG_ENABLE_OBJC_ARC = YES;
				CLANG_WARN_BLOCK_CAPTURE_AUTORELEASING = YES;
				CLANG_WARN_BOOL_CONVERSION = YES;
				CLANG_WARN_COMMA = YES;
				CLANG_WARN_CONSTANT_CONVERSION = YES;
				CLANG_WARN_DIRECT_OBJC_ISA_USAGE = YES_ERROR;
				CLANG_WARN_DOCUMENTATION_COMMENTS = YES;
				CLANG_WARN_EMPTY_BODY = YES;
				CLANG_WARN_ENUM_CONVERSION = YES;
				CLANG_WARN_INFINITE_RECURSION = YES;
				CLANG_WARN_INT_CONVERSION = YES;
				CLANG_WARN_NON_LITERAL_NULL_CONVERSION = YES;
				CLANG_WARN_OBJC_LITERAL_CONVERSION = YES;
				CLANG_WARN_OBJC_ROOT_CLASS = YES_ERROR;
				CLANG_WARN_RANGE_LOOP_ANALYSIS = YES;
				CLANG_WARN_STRICT_PROTOTYPES = YES;
				CLANG_WARN_SUSPICIOUS_MOVE = YES;
				CLANG_WARN_UNGUARDED_AVAILABILITY = YES_AGGRESSIVE;
				CLANG_WARN_UNREACHABLE_CODE = YES;
				CLANG_WARN__DUPLICATE_METHOD_MATCH = YES;
				CODE_SIGN_IDENTITY = "iPhone Developer";
				COPY_PHASE_STRIP = NO;
				DEBUG_INFORMATION_FORMAT = "dwarf-with-dsym";
				ENABLE_NS_ASSERTIONS = NO;
				ENABLE_STRICT_OBJC_MSGSEND = YES;
				GCC_C_LANGUAGE_STANDARD = gnu11;
				GCC_NO_COMMON_BLOCKS = YES;
				GCC_WARN_64_TO_32_BIT_CONVERSION = YES;
				GCC_WARN_ABOUT_RETURN_TYPE = YES_ERROR;
				GCC_WARN_UNDECLARED_SELECTOR = YES;
				GCC_WARN_UNINITIALIZED_AUTOS = YES_AGGRESSIVE;
				GCC_WARN_UNUSED_FUNCTION = YES;
				GCC_WARN_UNUSED_VARIABLE = YES;
				IPHONEOS_DEPLOYMENT_TARGET = 11.2;
				MTL_ENABLE_DEBUG_INFO = NO;
				SDKROOT = iphoneos;
				SWIFT_OPTIMIZATION_LEVEL = "-Owholemodule";
				SWIFT_VERSION = 3.0;
				VALIDATE_PRODUCT = YES;
			};
			name = Release;
		};
		2FC563432011E46200C004FC /* Debug */ = {
			isa = XCBuildConfiguration;
			baseConfigurationReference = 6463C169EBDFB1F4B0A30E84 /* Pods-TestRxSwift.debug.xcconfig */;
			buildSettings = {
				ALWAYS_EMBED_SWIFT_STANDARD_LIBRARIES = "$(inherited)";
				ASSETCATALOG_COMPILER_APPICON_NAME = AppIcon;
				CODE_SIGN_STYLE = Automatic;
				INFOPLIST_FILE = TestRxSwift/Info.plist;
				LD_RUNPATH_SEARCH_PATHS = "$(inherited) @executable_path/Frameworks";
				PRODUCT_BUNDLE_IDENTIFIER = com.test.TestRxSwift;
				PRODUCT_NAME = "$(TARGET_NAME)";
				SWIFT_VERSION = 3.0;
				TARGETED_DEVICE_FAMILY = "1,2";
			};
			name = Debug;
		};
		2FC563442011E46200C004FC /* Release */ = {
			isa = XCBuildConfiguration;
			baseConfigurationReference = 041884928276061F440069BD /* Pods-TestRxSwift.release.xcconfig */;
			buildSettings = {
				ALWAYS_EMBED_SWIFT_STANDARD_LIBRARIES = "$(inherited)";
				ASSETCATALOG_COMPILER_APPICON_NAME = AppIcon;
				CODE_SIGN_STYLE = Automatic;
				INFOPLIST_FILE = TestRxSwift/Info.plist;
				LD_RUNPATH_SEARCH_PATHS = "$(inherited) @executable_path/Frameworks";
				PRODUCT_BUNDLE_IDENTIFIER = com.test.TestRxSwift;
				PRODUCT_NAME = "$(TARGET_NAME)";
				SWIFT_VERSION = 3.0;
				TARGETED_DEVICE_FAMILY = "1,2";
			};
			name = Release;
		};
		2FC563462011E46200C004FC /* Debug */ = {
			isa = XCBuildConfiguration;
			baseConfigurationReference = ED3F0BE7E1B09B789DF890E8 /* Pods-TestRxSwift-TestRxSwiftTests.debug.xcconfig */;
			buildSettings = {
				ALWAYS_EMBED_SWIFT_STANDARD_LIBRARIES = "$(inherited)";
				BUNDLE_LOADER = "$(TEST_HOST)";
				CODE_SIGN_STYLE = Automatic;
				INFOPLIST_FILE = TestRxSwiftTests/Info.plist;
				LD_RUNPATH_SEARCH_PATHS = "$(inherited) @executable_path/Frameworks @loader_path/Frameworks";
				PRODUCT_BUNDLE_IDENTIFIER = com.test.TestRxSwiftTests;
				PRODUCT_NAME = "$(TARGET_NAME)";
				SWIFT_VERSION = 3.0;
				TARGETED_DEVICE_FAMILY = "1,2";
				TEST_HOST = "$(BUILT_PRODUCTS_DIR)/TestRxSwift.app/TestRxSwift";
			};
			name = Debug;
		};
		2FC563472011E46200C004FC /* Release */ = {
			isa = XCBuildConfiguration;
			baseConfigurationReference = 99AC641514595592D76C885C /* Pods-TestRxSwift-TestRxSwiftTests.release.xcconfig */;
			buildSettings = {
				ALWAYS_EMBED_SWIFT_STANDARD_LIBRARIES = "$(inherited)";
				BUNDLE_LOADER = "$(TEST_HOST)";
				CODE_SIGN_STYLE = Automatic;
				INFOPLIST_FILE = TestRxSwiftTests/Info.plist;
				LD_RUNPATH_SEARCH_PATHS = "$(inherited) @executable_path/Frameworks @loader_path/Frameworks";
				PRODUCT_BUNDLE_IDENTIFIER = com.test.TestRxSwiftTests;
				PRODUCT_NAME = "$(TARGET_NAME)";
				SWIFT_VERSION = 3.0;
				TARGETED_DEVICE_FAMILY = "1,2";
				TEST_HOST = "$(BUILT_PRODUCTS_DIR)/TestRxSwift.app/TestRxSwift";
			};
			name = Release;
		};
		2FC563492011E46200C004FC /* Debug */ = {
			isa = XCBuildConfiguration;
			buildSettings = {
				ALWAYS_EMBED_SWIFT_STANDARD_LIBRARIES = "$(inherited)";
				CODE_SIGN_STYLE = Automatic;
				INFOPLIST_FILE = TestRxSwiftUITests/Info.plist;
				LD_RUNPATH_SEARCH_PATHS = "$(inherited) @executable_path/Frameworks @loader_path/Frameworks";
				PRODUCT_BUNDLE_IDENTIFIER = com.test.TestRxSwiftUITests;
				PRODUCT_NAME = "$(TARGET_NAME)";
				SWIFT_VERSION = 3.0;
				TARGETED_DEVICE_FAMILY = "1,2";
				TEST_TARGET_NAME = TestRxSwift;
			};
			name = Debug;
		};
		2FC5634A2011E46200C004FC /* Release */ = {
			isa = XCBuildConfiguration;
			buildSettings = {
				ALWAYS_EMBED_SWIFT_STANDARD_LIBRARIES = "$(inherited)";
				CODE_SIGN_STYLE = Automatic;
				INFOPLIST_FILE = TestRxSwiftUITests/Info.plist;
				LD_RUNPATH_SEARCH_PATHS = "$(inherited) @executable_path/Frameworks @loader_path/Frameworks";
				PRODUCT_BUNDLE_IDENTIFIER = com.test.TestRxSwiftUITests;
				PRODUCT_NAME = "$(TARGET_NAME)";
				SWIFT_VERSION = 3.0;
				TARGETED_DEVICE_FAMILY = "1,2";
				TEST_TARGET_NAME = TestRxSwift;
			};
			name = Release;
		};
/* End XCBuildConfiguration section */

/* Begin XCConfigurationList section */
		2FC563152011E46100C004FC /* Build configuration list for PBXProject "TestRxSwift" */ = {
			isa = XCConfigurationList;
			buildConfigurations = (
				2FC563402011E46200C004FC /* Debug */,
				2FC563412011E46200C004FC /* Release */,
			);
			defaultConfigurationIsVisible = 0;
			defaultConfigurationName = Release;
		};
		2FC563422011E46200C004FC /* Build configuration list for PBXNativeTarget "TestRxSwift" */ = {
			isa = XCConfigurationList;
			buildConfigurations = (
				2FC563432011E46200C004FC /* Debug */,
				2FC563442011E46200C004FC /* Release */,
			);
			defaultConfigurationIsVisible = 0;
			defaultConfigurationName = Release;
		};
		2FC563452011E46200C004FC /* Build configuration list for PBXNativeTarget "TestRxSwiftTests" */ = {
			isa = XCConfigurationList;
			buildConfigurations = (
				2FC563462011E46200C004FC /* Debug */,
				2FC563472011E46200C004FC /* Release */,
			);
			defaultConfigurationIsVisible = 0;
			defaultConfigurationName = Release;
		};
		2FC563482011E46200C004FC /* Build configuration list for PBXNativeTarget "TestRxSwiftUITests" */ = {
			isa = XCConfigurationList;
			buildConfigurations = (
				2FC563492011E46200C004FC /* Debug */,
				2FC5634A2011E46200C004FC /* Release */,
			);
			defaultConfigurationIsVisible = 0;
			defaultConfigurationName = Release;
		};
/* End XCConfigurationList section */
	};
	rootObject = 2FC563122011E46100C004FC /* Project object */;
}
